
Microsoft Visual Studio Solution File, Format Version 12.00
# Visual Studio Version 17
VisualStudioVersion = 17.0.31919.166
MinimumVisualStudioVersion = 10.0.40219.1
Project("{9A19103F-16F7-4668-BE54-9A1E7A4F7556}") = "Packer.Core", "Packer.Core\Packer.Core.csproj", "{C59F3F20-3DDA-4BCF-8FE3-DEE7A82D64AC}"
EndProject
Project("{FAE04EC0-301F-11D3-BF4B-00C04F79EFBC}") = "Packer.Test", "Packer.Test\Packer.Test.csproj", "{EA6EC57D-6E11-4A68-8D17-33030F0525BE}"
EndProject
Global
	GlobalSection(SolutionConfigurationPlatforms) = preSolution
		Debug|Any CPU = Debug|Any CPU
		Release|Any CPU = Release|Any CPU
	EndGlobalSection
	GlobalSection(ProjectConfigurationPlatforms) = postSolution
		{C59F3F20-3DDA-4BCF-8FE3-DEE7A82D64AC}.Debug|Any CPU.ActiveCfg = Debug|Any CPU
		{C59F3F20-3DDA-4BCF-8FE3-DEE7A82D64AC}.Debug|Any CPU.Build.0 = Debug|Any CPU
		{C59F3F20-3DDA-4BCF-8FE3-DEE7A82D64AC}.Release|Any CPU.ActiveCfg = Release|Any CPU
		{C59F3F20-3DDA-4BCF-8FE3-DEE7A82D64AC}.Release|Any CPU.Build.0 = Release|Any CPU
		{EA6EC57D-6E11-4A68-8D17-33030F0525BE}.Debug|Any CPU.ActiveCfg = Debug|Any CPU
		{EA6EC57D-6E11-4A68-8D17-33030F0525BE}.Debug|Any CPU.Build.0 = Debug|Any CPU
		{EA6EC57D-6E11-4A68-8D17-33030F0525BE}.Release|Any CPU.ActiveCfg = Release|Any CPU
		{EA6EC57D-6E11-4A68-8D17-33030F0525BE}.Release|Any CPU.Build.0 = Release|Any CPU
	EndGlobalSection
	GlobalSection(SolutionProperties) = preSolution
		HideSolutionNode = FALSE
	EndGlobalSection
	GlobalSection(ExtensibilityGlobals) = postSolution
		SolutionGuid = {A8DCC6B2-7938-46CE-9BEF-C499F5693AC5}
	EndGlobalSection
EndGlobal
